
Microsoft Visual Studio Solution File, Format Version 12.00
# Visual Studio Version 17
VisualStudioVersion = 17.5.33516.290
MinimumVisualStudioVersion = 10.0.40219.1
Project("{2150E333-8FDC-42A3-9474-1A3956D46DE8}") = "src", "src", "{5CD805EB-E217-4720-9F1D-F31C4887BA54}"
EndProject
Project("{9A19103F-16F7-4668-BE54-9A1E7A4F7556}") = "PdfApp.Presentation.Angular", "src\PdfApp.Presentation.Angular\PdfApp.Presentation.Angular.csproj", "{B364851E-7748-4D30-9304-0137C3BB6822}"
EndProject
Project("{9A19103F-16F7-4668-BE54-9A1E7A4F7556}") = "PdfApp.Application", "src\PdfApp.Application\PdfApp.Application.csproj", "{A0AFDC15-9BA5-4A3B-8465-784722E626B0}"
EndProject
Project("{9A19103F-16F7-4668-BE54-9A1E7A4F7556}") = "PdfApp.Domain", "src\PdfApp.Domain\PdfApp.Domain.csproj", "{29A0FB1E-6601-48AF-84EC-4E33E1E818C0}"
EndProject
Project("{9A19103F-16F7-4668-BE54-9A1E7A4F7556}") = "PdfApp.Infrastructure", "src\PdfApp.Infrastructure\PdfApp.Infrastructure.csproj", "{B94AE4F6-245D-48B8-B435-1D9503EE1C68}"
EndProject
Project("{9A19103F-16F7-4668-BE54-9A1E7A4F7556}") = "PdfApp.Presentation.Api", "src\PdfApp.Presentation.Api\PdfApp.Presentation.Api.csproj", "{EE60B1A1-EE44-41DC-932E-EE12BA8D3458}"
EndProject
Project("{9A19103F-16F7-4668-BE54-9A1E7A4F7556}") = "PdfApp.Infrastructure.IoC", "src\PdfApp.Infrastructure.IoC\PdfApp.Infrastructure.IoC.csproj", "{B210C6EE-1C1B-409A-B0E9-C139927554F5}"
EndProject
Project("{2150E333-8FDC-42A3-9474-1A3956D46DE8}") = "tests", "tests", "{2DA2206F-6DE9-4E07-B78E-E0043F1EDB19}"
EndProject
Project("{9A19103F-16F7-4668-BE54-9A1E7A4F7556}") = "PdfApp.Application.Tests.Unit", "tests\PdfApp.Application.Tests.Unit\PdfApp.Application.Tests.Unit.csproj", "{2472B21C-6EB0-4391-9E86-26070B2221CF}"
EndProject
Global
	GlobalSection(SolutionConfigurationPlatforms) = preSolution
		Debug|Any CPU = Debug|Any CPU
		Release|Any CPU = Release|Any CPU
	EndGlobalSection
	GlobalSection(ProjectConfigurationPlatforms) = postSolution
		{B364851E-7748-4D30-9304-0137C3BB6822}.Debug|Any CPU.ActiveCfg = Debug|Any CPU
		{B364851E-7748-4D30-9304-0137C3BB6822}.Debug|Any CPU.Build.0 = Debug|Any CPU
		{B364851E-7748-4D30-9304-0137C3BB6822}.Release|Any CPU.ActiveCfg = Release|Any CPU
		{B364851E-7748-4D30-9304-0137C3BB6822}.Release|Any CPU.Build.0 = Release|Any CPU
		{A0AFDC15-9BA5-4A3B-8465-784722E626B0}.Debug|Any CPU.ActiveCfg = Debug|Any CPU
		{A0AFDC15-9BA5-4A3B-8465-784722E626B0}.Debug|Any CPU.Build.0 = Debug|Any CPU
		{A0AFDC15-9BA5-4A3B-8465-784722E626B0}.Release|Any CPU.ActiveCfg = Release|Any CPU
		{A0AFDC15-9BA5-4A3B-8465-784722E626B0}.Release|Any CPU.Build.0 = Release|Any CPU
		{29A0FB1E-6601-48AF-84EC-4E33E1E818C0}.Debug|Any CPU.ActiveCfg = Debug|Any CPU
		{29A0FB1E-6601-48AF-84EC-4E33E1E818C0}.Debug|Any CPU.Build.0 = Debug|Any CPU
		{29A0FB1E-6601-48AF-84EC-4E33E1E818C0}.Release|Any CPU.ActiveCfg = Release|Any CPU
		{29A0FB1E-6601-48AF-84EC-4E33E1E818C0}.Release|Any CPU.Build.0 = Release|Any CPU
		{B94AE4F6-245D-48B8-B435-1D9503EE1C68}.Debug|Any CPU.ActiveCfg = Debug|Any CPU
		{B94AE4F6-245D-48B8-B435-1D9503EE1C68}.Debug|Any CPU.Build.0 = Debug|Any CPU
		{B94AE4F6-245D-48B8-B435-1D9503EE1C68}.Release|Any CPU.ActiveCfg = Release|Any CPU
		{B94AE4F6-245D-48B8-B435-1D9503EE1C68}.Release|Any CPU.Build.0 = Release|Any CPU
		{EE60B1A1-EE44-41DC-932E-EE12BA8D3458}.Debug|Any CPU.ActiveCfg = Debug|Any CPU
		{EE60B1A1-EE44-41DC-932E-EE12BA8D3458}.Debug|Any CPU.Build.0 = Debug|Any CPU
		{EE60B1A1-EE44-41DC-932E-EE12BA8D3458}.Release|Any CPU.ActiveCfg = Release|Any CPU
		{EE60B1A1-EE44-41DC-932E-EE12BA8D3458}.Release|Any CPU.Build.0 = Release|Any CPU
		{B210C6EE-1C1B-409A-B0E9-C139927554F5}.Debug|Any CPU.ActiveCfg = Debug|Any CPU
		{B210C6EE-1C1B-409A-B0E9-C139927554F5}.Debug|Any CPU.Build.0 = Debug|Any CPU
		{B210C6EE-1C1B-409A-B0E9-C139927554F5}.Release|Any CPU.ActiveCfg = Release|Any CPU
		{B210C6EE-1C1B-409A-B0E9-C139927554F5}.Release|Any CPU.Build.0 = Release|Any CPU
		{2472B21C-6EB0-4391-9E86-26070B2221CF}.Debug|Any CPU.ActiveCfg = Debug|Any CPU
		{2472B21C-6EB0-4391-9E86-26070B2221CF}.Debug|Any CPU.Build.0 = Debug|Any CPU
		{2472B21C-6EB0-4391-9E86-26070B2221CF}.Release|Any CPU.ActiveCfg = Release|Any CPU
		{2472B21C-6EB0-4391-9E86-26070B2221CF}.Release|Any CPU.Build.0 = Release|Any CPU
	EndGlobalSection
	GlobalSection(SolutionProperties) = preSolution
		HideSolutionNode = FALSE
	EndGlobalSection
	GlobalSection(NestedProjects) = preSolution
		{B364851E-7748-4D30-9304-0137C3BB6822} = {5CD805EB-E217-4720-9F1D-F31C4887BA54}
		{A0AFDC15-9BA5-4A3B-8465-784722E626B0} = {5CD805EB-E217-4720-9F1D-F31C4887BA54}
		{29A0FB1E-6601-48AF-84EC-4E33E1E818C0} = {5CD805EB-E217-4720-9F1D-F31C4887BA54}
		{B94AE4F6-245D-48B8-B435-1D9503EE1C68} = {5CD805EB-E217-4720-9F1D-F31C4887BA54}
		{EE60B1A1-EE44-41DC-932E-EE12BA8D3458} = {5CD805EB-E217-4720-9F1D-F31C4887BA54}
		{B210C6EE-1C1B-409A-B0E9-C139927554F5} = {5CD805EB-E217-4720-9F1D-F31C4887BA54}
		{2472B21C-6EB0-4391-9E86-26070B2221CF} = {2DA2206F-6DE9-4E07-B78E-E0043F1EDB19}
	EndGlobalSection
	GlobalSection(ExtensibilityGlobals) = postSolution
		SolutionGuid = {CF00EC72-9BED-4778-9B39-0DA8E5DC6950}
	EndGlobalSection
EndGlobal
